
Microsoft Visual Studio Solution File, Format Version 12.00
# Visual Studio Version 17
VisualStudioVersion = 17.4.33927.135
MinimumVisualStudioVersion = 10.0.40219.1
Project("{9A19103F-16F7-4668-BE54-9A1E7A4F7556}") = "AppsettingsProtectorLib", "AppsettingsProtectorLib\AppsettingsProtectorLib.csproj", "{D2A4CC38-ED46-4092-869B-C3D7F32B6F9A}"
EndProject
Project("{9A19103F-16F7-4668-BE54-9A1E7A4F7556}") = "AppsettingsProtector.Tests", "AppsettingsProtector.Tests\AppsettingsProtector.Tests.csproj", "{1166927D-C8E0-462C-8521-ECC4A78746FF}"
EndProject
Project("{2150E333-8FDC-42A3-9474-1A3956D46DE8}") = "Reference implementations", "Reference implementations", "{D04649A6-2D89-4A3F-9B11-F0FCABBBB5DF}"
EndProject
Project("{9A19103F-16F7-4668-BE54-9A1E7A4F7556}") = "ReferenceBlazorApp", "ReferenceBlazorApp\ReferenceBlazorApp.csproj", "{9C602426-66E6-4637-8D2A-0E2C352E6A38}"
EndProject
Project("{2150E333-8FDC-42A3-9474-1A3956D46DE8}") = "Solution Items", "Solution Items", "{C5C76867-348D-44D1-B1F3-2F3786CF2390}"
	ProjectSection(SolutionItems) = preProject
		Directory.Build.props = Directory.Build.props
		LICENSE.txt = LICENSE.txt
		README.md = README.md
		Version.props = Version.props
	EndProjectSection
EndProject
Global
	GlobalSection(SolutionConfigurationPlatforms) = preSolution
		Debug|Any CPU = Debug|Any CPU
		Release|Any CPU = Release|Any CPU
	EndGlobalSection
	GlobalSection(ProjectConfigurationPlatforms) = postSolution
		{D2A4CC38-ED46-4092-869B-C3D7F32B6F9A}.Debug|Any CPU.ActiveCfg = Debug|Any CPU
		{D2A4CC38-ED46-4092-869B-C3D7F32B6F9A}.Debug|Any CPU.Build.0 = Debug|Any CPU
		{D2A4CC38-ED46-4092-869B-C3D7F32B6F9A}.Release|Any CPU.ActiveCfg = Release|Any CPU
		{D2A4CC38-ED46-4092-869B-C3D7F32B6F9A}.Release|Any CPU.Build.0 = Release|Any CPU
		{1166927D-C8E0-462C-8521-ECC4A78746FF}.Debug|Any CPU.ActiveCfg = Debug|Any CPU
		{1166927D-C8E0-462C-8521-ECC4A78746FF}.Debug|Any CPU.Build.0 = Debug|Any CPU
		{1166927D-C8E0-462C-8521-ECC4A78746FF}.Release|Any CPU.ActiveCfg = Release|Any CPU
		{1166927D-C8E0-462C-8521-ECC4A78746FF}.Release|Any CPU.Build.0 = Release|Any CPU
		{9C602426-66E6-4637-8D2A-0E2C352E6A38}.Debug|Any CPU.ActiveCfg = Debug|Any CPU
		{9C602426-66E6-4637-8D2A-0E2C352E6A38}.Debug|Any CPU.Build.0 = Debug|Any CPU
		{9C602426-66E6-4637-8D2A-0E2C352E6A38}.Release|Any CPU.ActiveCfg = Release|Any CPU
		{9C602426-66E6-4637-8D2A-0E2C352E6A38}.Release|Any CPU.Build.0 = Release|Any CPU
	EndGlobalSection
	GlobalSection(SolutionProperties) = preSolution
		HideSolutionNode = FALSE
	EndGlobalSection
	GlobalSection(NestedProjects) = preSolution
		{9C602426-66E6-4637-8D2A-0E2C352E6A38} = {D04649A6-2D89-4A3F-9B11-F0FCABBBB5DF}
	EndGlobalSection
	GlobalSection(ExtensibilityGlobals) = postSolution
		SolutionGuid = {51FF77A5-DFC1-4F9C-85EE-BA5A4575AE7E}
	EndGlobalSection
EndGlobal
